
Microsoft Visual Studio Solution File, Format Version 12.00
# Visual Studio Version 17
VisualStudioVersion = 17.10.35004.147
MinimumVisualStudioVersion = 10.0.40219.1
Project("{FAE04EC0-301F-11D3-BF4B-00C04F79EFBC}") = "assignmentOop05", "assignmentOop05\assignmentOop05.csproj", "{63772680-339D-4312-9BBA-9B841317E2B8}"
EndProject
Global
	GlobalSection(SolutionConfigurationPlatforms) = preSolution
		Debug|Any CPU = Debug|Any CPU
		Release|Any CPU = Release|Any CPU
	EndGlobalSection
	GlobalSection(ProjectConfigurationPlatforms) = postSolution
		{63772680-339D-4312-9BBA-9B841317E2B8}.Debug|Any CPU.ActiveCfg = Debug|Any CPU
		{63772680-339D-4312-9BBA-9B841317E2B8}.Debug|Any CPU.Build.0 = Debug|Any CPU
		{63772680-339D-4312-9BBA-9B841317E2B8}.Release|Any CPU.ActiveCfg = Release|Any CPU
		{63772680-339D-4312-9BBA-9B841317E2B8}.Release|Any CPU.Build.0 = Release|Any CPU
	EndGlobalSection
	GlobalSection(SolutionProperties) = preSolution
		HideSolutionNode = FALSE
	EndGlobalSection
	GlobalSection(ExtensibilityGlobals) = postSolution
		SolutionGuid = {5AC8FD82-C00B-439A-82AE-7F9FAF35B299}
	EndGlobalSection
EndGlobal
